
Microsoft Visual Studio Solution File, Format Version 12.00
# Visual Studio Version 17
VisualStudioVersion = 17.3.32922.545
MinimumVisualStudioVersion = 10.0.40219.1
Project("{FAE04EC0-301F-11D3-BF4B-00C04F79EFBC}") = "CAFE CULTURE  (master)", "CAFE CULTURE  (master).csproj", "{6102B176-BA42-43D8-A581-A2CDCA46BFED}"
EndProject
Global
	GlobalSection(SolutionConfigurationPlatforms) = preSolution
		Debug|Any CPU = Debug|Any CPU
		Release|Any CPU = Release|Any CPU
	EndGlobalSection
	GlobalSection(ProjectConfigurationPlatforms) = postSolution
		{6102B176-BA42-43D8-A581-A2CDCA46BFED}.Debug|Any CPU.ActiveCfg = Debug|Any CPU
		{6102B176-BA42-43D8-A581-A2CDCA46BFED}.Debug|Any CPU.Build.0 = Debug|Any CPU
		{6102B176-BA42-43D8-A581-A2CDCA46BFED}.Release|Any CPU.ActiveCfg = Release|Any CPU
		{6102B176-BA42-43D8-A581-A2CDCA46BFED}.Release|Any CPU.Build.0 = Release|Any CPU
	EndGlobalSection
	GlobalSection(SolutionProperties) = preSolution
		HideSolutionNode = FALSE
	EndGlobalSection
	GlobalSection(ExtensibilityGlobals) = postSolution
		SolutionGuid = {63467B41-8B71-491A-835F-81C223E7C097}
	EndGlobalSection
EndGlobal
